
Microsoft Visual Studio Solution File, Format Version 12.00
# Visual Studio Version 17
VisualStudioVersion = 17.5.002.0
MinimumVisualStudioVersion = 10.0.40219.1
Project("{9A19103F-16F7-4668-BE54-9A1E7A4F7556}") = "Ocelot.Api", "Ocelot.Api.csproj", "{06AAED45-8DAD-4CD8-8DD7-C83E82D5931F}"
EndProject
Global
	GlobalSection(SolutionConfigurationPlatforms) = preSolution
		Debug|Any CPU = Debug|Any CPU
		Release|Any CPU = Release|Any CPU
	EndGlobalSection
	GlobalSection(ProjectConfigurationPlatforms) = postSolution
		{06AAED45-8DAD-4CD8-8DD7-C83E82D5931F}.Debug|Any CPU.ActiveCfg = Debug|Any CPU
		{06AAED45-8DAD-4CD8-8DD7-C83E82D5931F}.Debug|Any CPU.Build.0 = Debug|Any CPU
		{06AAED45-8DAD-4CD8-8DD7-C83E82D5931F}.Release|Any CPU.ActiveCfg = Release|Any CPU
		{06AAED45-8DAD-4CD8-8DD7-C83E82D5931F}.Release|Any CPU.Build.0 = Release|Any CPU
	EndGlobalSection
	GlobalSection(SolutionProperties) = preSolution
		HideSolutionNode = FALSE
	EndGlobalSection
	GlobalSection(ExtensibilityGlobals) = postSolution
		SolutionGuid = {CA58C7D5-9D29-4F0C-8085-467952C3EC8B}
	EndGlobalSection
EndGlobal
